{
  "name": "jekyll",
  "version": "1.0.0",
  "lockfileVersion": 1,
  "requires": true,
  "dependencies": {
    "@material/typography": {
      "version": "0.38.0",
      "resolved": "https://registry.npmjs.org/@material/typography/-/typography-0.38.0.tgz",
      "integrity": "sha512-g2wigBZXSXwrZtibt6sbPO1eM2IROdo9Jk7ffGIb7GuYGLD92hWWzxusaOg4W/rcsBkWMdfquydRL3Q4HFnS2g=="
    }
  }
}
